
Microsoft Visual Studio Solution File, Format Version 12.00
# Visual Studio Version 16
VisualStudioVersion = 16.0.31321.278
MinimumVisualStudioVersion = 10.0.40219.1
Project("{FAE04EC0-301F-11D3-BF4B-00C04F79EFBC}") = "AmuLab.FileAPI", "AmuLab.FileAPI\AmuLab.FileAPI.csproj", "{E611EB1A-4F1D-4387-8441-161C0E679B1B}"
EndProject
Project("{FAE04EC0-301F-11D3-BF4B-00C04F79EFBC}") = "AmuLab.WebApp", "AmuLab.WebApp\AmuLab.WebApp.csproj", "{041F3D86-0AEE-4794-9F29-821CDBFA3158}"
EndProject
Project("{FAE04EC0-301F-11D3-BF4B-00C04F79EFBC}") = "AmuLab.Core", "AmuLab.Core\AmuLab.Core.csproj", "{9A57AC6E-8EEC-488D-8237-0673D767EBCB}"
EndProject
Project("{FAE04EC0-301F-11D3-BF4B-00C04F79EFBC}") = "AmuLab.Repository", "AmuLab.Repository\AmuLab.Repository.csproj", "{71695DD9-0767-426B-B326-78C9541E4985}"
EndProject
Project("{FAE04EC0-301F-11D3-BF4B-00C04F79EFBC}") = "AmuLab.Services", "AmuLab.Services\AmuLab.Services.csproj", "{45DF73BA-D43A-403B-89D3-E3A138081DFC}"
EndProject
Project("{FAE04EC0-301F-11D3-BF4B-00C04F79EFBC}") = "AmuLab.Utility", "AmuLab.Utility\AmuLab.Utility.csproj", "{45083AB5-579F-407B-A1C1-87739A6CD909}"
EndProject
Project("{FAE04EC0-301F-11D3-BF4B-00C04F79EFBC}") = "AmuLab.DependencyResolution", "AmuLab.DependencyResolution\AmuLab.DependencyResolution.csproj", "{11EC23B6-11C3-4C3D-83E3-F533732328FF}"
EndProject
Global
	GlobalSection(SolutionConfigurationPlatforms) = preSolution
		Debug|Any CPU = Debug|Any CPU
		Release|Any CPU = Release|Any CPU
	EndGlobalSection
	GlobalSection(ProjectConfigurationPlatforms) = postSolution
		{E611EB1A-4F1D-4387-8441-161C0E679B1B}.Debug|Any CPU.ActiveCfg = Debug|Any CPU
		{E611EB1A-4F1D-4387-8441-161C0E679B1B}.Debug|Any CPU.Build.0 = Debug|Any CPU
		{E611EB1A-4F1D-4387-8441-161C0E679B1B}.Release|Any CPU.ActiveCfg = Release|Any CPU
		{E611EB1A-4F1D-4387-8441-161C0E679B1B}.Release|Any CPU.Build.0 = Release|Any CPU
		{041F3D86-0AEE-4794-9F29-821CDBFA3158}.Debug|Any CPU.ActiveCfg = Debug|Any CPU
		{041F3D86-0AEE-4794-9F29-821CDBFA3158}.Debug|Any CPU.Build.0 = Debug|Any CPU
		{041F3D86-0AEE-4794-9F29-821CDBFA3158}.Release|Any CPU.ActiveCfg = Release|Any CPU
		{041F3D86-0AEE-4794-9F29-821CDBFA3158}.Release|Any CPU.Build.0 = Release|Any CPU
		{9A57AC6E-8EEC-488D-8237-0673D767EBCB}.Debug|Any CPU.ActiveCfg = Debug|Any CPU
		{9A57AC6E-8EEC-488D-8237-0673D767EBCB}.Debug|Any CPU.Build.0 = Debug|Any CPU
		{9A57AC6E-8EEC-488D-8237-0673D767EBCB}.Release|Any CPU.ActiveCfg = Release|Any CPU
		{9A57AC6E-8EEC-488D-8237-0673D767EBCB}.Release|Any CPU.Build.0 = Release|Any CPU
		{71695DD9-0767-426B-B326-78C9541E4985}.Debug|Any CPU.ActiveCfg = Debug|Any CPU
		{71695DD9-0767-426B-B326-78C9541E4985}.Debug|Any CPU.Build.0 = Debug|Any CPU
		{71695DD9-0767-426B-B326-78C9541E4985}.Release|Any CPU.ActiveCfg = Release|Any CPU
		{71695DD9-0767-426B-B326-78C9541E4985}.Release|Any CPU.Build.0 = Release|Any CPU
		{45DF73BA-D43A-403B-89D3-E3A138081DFC}.Debug|Any CPU.ActiveCfg = Debug|Any CPU
		{45DF73BA-D43A-403B-89D3-E3A138081DFC}.Debug|Any CPU.Build.0 = Debug|Any CPU
		{45DF73BA-D43A-403B-89D3-E3A138081DFC}.Release|Any CPU.ActiveCfg = Release|Any CPU
		{45DF73BA-D43A-403B-89D3-E3A138081DFC}.Release|Any CPU.Build.0 = Release|Any CPU
		{45083AB5-579F-407B-A1C1-87739A6CD909}.Debug|Any CPU.ActiveCfg = Debug|Any CPU
		{45083AB5-579F-407B-A1C1-87739A6CD909}.Debug|Any CPU.Build.0 = Debug|Any CPU
		{45083AB5-579F-407B-A1C1-87739A6CD909}.Release|Any CPU.ActiveCfg = Release|Any CPU
		{45083AB5-579F-407B-A1C1-87739A6CD909}.Release|Any CPU.Build.0 = Release|Any CPU
		{11EC23B6-11C3-4C3D-83E3-F533732328FF}.Debug|Any CPU.ActiveCfg = Debug|Any CPU
		{11EC23B6-11C3-4C3D-83E3-F533732328FF}.Debug|Any CPU.Build.0 = Debug|Any CPU
		{11EC23B6-11C3-4C3D-83E3-F533732328FF}.Release|Any CPU.ActiveCfg = Release|Any CPU
		{11EC23B6-11C3-4C3D-83E3-F533732328FF}.Release|Any CPU.Build.0 = Release|Any CPU
	EndGlobalSection
	GlobalSection(SolutionProperties) = preSolution
		HideSolutionNode = FALSE
	EndGlobalSection
	GlobalSection(ExtensibilityGlobals) = postSolution
		SolutionGuid = {5E8016A8-5A20-43CC-8EF2-2BA8402AE2B4}
	EndGlobalSection
	GlobalSection(TeamFoundationVersionControl) = preSolution
		SccNumberOfProjects = 5
		SccEnterpriseProvider = {4CA58AB2-18FA-4F8D-95D4-32DDF27D184C}
		SccTeamFoundationServer = https://mqsolution.visualstudio.com/
		SccProjectUniqueName0 = AmuLab.Core\\AmuLab.Core.csproj
		SccProjectName0 = AmuLab.Core
		SccAuxPath0 = https://mqsolution.visualstudio.com
		SccLocalPath0 = AmuLab.Core
		SccProvider0 = {4CA58AB2-18FA-4F8D-95D4-32DDF27D184C}
		SccProjectUniqueName1 = AmuLab.Repository\\AmuLab.Repository.csproj
		SccProjectName1 = AmuLab.Repository
		SccAuxPath1 = https://mqsolution.visualstudio.com
		SccLocalPath1 = AmuLab.Repository
		SccProvider1 = {4CA58AB2-18FA-4F8D-95D4-32DDF27D184C}
		SccProjectUniqueName2 = AmuLab.Services\\AmuLab.Services.csproj
		SccProjectName2 = AmuLab.Services
		SccAuxPath2 = https://mqsolution.visualstudio.com
		SccLocalPath2 = AmuLab.Services
		SccProvider2 = {4CA58AB2-18FA-4F8D-95D4-32DDF27D184C}
		SccProjectUniqueName3 = AmuLab.Utility\\AmuLab.Utility.csproj
		SccProjectName3 = AmuLab.Utility
		SccAuxPath3 = https://mqsolution.visualstudio.com
		SccLocalPath3 = AmuLab.Utility
		SccProvider3 = {4CA58AB2-18FA-4F8D-95D4-32DDF27D184C}
		SccProjectUniqueName4 = AmuLab.DependencyResolution\\AmuLab.DependencyResolution.csproj
		SccProjectName4 = AmuLab.DependencyResolution
		SccAuxPath4 = https://mqsolution.visualstudio.com
		SccLocalPath4 = AmuLab.DependencyResolution
		SccProvider4 = {4CA58AB2-18FA-4F8D-95D4-32DDF27D184C}
	EndGlobalSection
EndGlobal
